
Microsoft Visual Studio Solution File, Format Version 12.00
# Visual Studio Version 17
VisualStudioVersion = 17.9.34723.18
MinimumVisualStudioVersion = 10.0.40219.1
Project("{FAE04EC0-301F-11D3-BF4B-00C04F79EFBC}") = "StudioManager", "StudioManager\StudioManager.csproj", "{BBA7000A-ECA5-4D69-9D2F-6558D1A9033E}"
EndProject
Global
	GlobalSection(SolutionConfigurationPlatforms) = preSolution
		Debug|Any CPU = Debug|Any CPU
		Release|Any CPU = Release|Any CPU
	EndGlobalSection
	GlobalSection(ProjectConfigurationPlatforms) = postSolution
		{BBA7000A-ECA5-4D69-9D2F-6558D1A9033E}.Debug|Any CPU.ActiveCfg = Debug|Any CPU
		{BBA7000A-ECA5-4D69-9D2F-6558D1A9033E}.Debug|Any CPU.Build.0 = Debug|Any CPU
		{BBA7000A-ECA5-4D69-9D2F-6558D1A9033E}.Release|Any CPU.ActiveCfg = Release|Any CPU
		{BBA7000A-ECA5-4D69-9D2F-6558D1A9033E}.Release|Any CPU.Build.0 = Release|Any CPU
	EndGlobalSection
	GlobalSection(SolutionProperties) = preSolution
		HideSolutionNode = FALSE
	EndGlobalSection
	GlobalSection(ExtensibilityGlobals) = postSolution
		SolutionGuid = {FA51A3FC-D501-4754-9225-92D4D9590545}
	EndGlobalSection
EndGlobal
